
Microsoft Visual Studio Solution File, Format Version 12.00
# Visual Studio Version 16
VisualStudioVersion = 16.0.30717.126
MinimumVisualStudioVersion = 10.0.40219.1
Project("{FAE04EC0-301F-11D3-BF4B-00C04F79EFBC}") = "BookListRazor", "BookListRazor\BookListRazor.csproj", "{47EA2CFB-1A2A-4861-9AEA-9701A2796F1E}"
EndProject
Global
	GlobalSection(SolutionConfigurationPlatforms) = preSolution
		Debug|Any CPU = Debug|Any CPU
		Release|Any CPU = Release|Any CPU
	EndGlobalSection
	GlobalSection(ProjectConfigurationPlatforms) = postSolution
		{47EA2CFB-1A2A-4861-9AEA-9701A2796F1E}.Debug|Any CPU.ActiveCfg = Debug|Any CPU
		{47EA2CFB-1A2A-4861-9AEA-9701A2796F1E}.Debug|Any CPU.Build.0 = Debug|Any CPU
		{47EA2CFB-1A2A-4861-9AEA-9701A2796F1E}.Release|Any CPU.ActiveCfg = Release|Any CPU
		{47EA2CFB-1A2A-4861-9AEA-9701A2796F1E}.Release|Any CPU.Build.0 = Release|Any CPU
	EndGlobalSection
	GlobalSection(SolutionProperties) = preSolution
		HideSolutionNode = FALSE
	EndGlobalSection
	GlobalSection(ExtensibilityGlobals) = postSolution
		SolutionGuid = {9AAA5483-BAF2-40B9-AD4E-8C1CECC8DFFD}
	EndGlobalSection
EndGlobal
